Microsoft Visual Studio Solution File, Format Version 12.00
# Visual Studio 2013
VisualStudioVersion = 12.0.21005.1
MinimumVisualStudioVersion = 10.0.40219.1
Project("{FAE04EC0-301F-11D3-BF4B-00C04F79EFBC}") = "OneMainWeb", "OneMainWeb\OneMainWeb.csproj", "{872B2B2D-1C88-421C-9C46-C34746CF4E2A}"
EndProject
Project("{FAE04EC0-301F-11D3-BF4B-00C04F79EFBC}") = "BLL", "BLL\BLL.csproj", "{3EC05CC8-A433-482A-86E3-AA01F9519A01}"
EndProject
Project("{2150E333-8FDC-42A3-9474-1A3956D46DE8}") = ".nuget", ".nuget", "{4C55BF98-B3FE-42F1-B631-10D80878B822}"
	ProjectSection(SolutionItems) = preProject
		.nuget\NuGet.Config = .nuget\NuGet.Config
	EndProjectSection
EndProject
Project("{FAE04EC0-301F-11D3-BF4B-00C04F79EFBC}") = "Knauf-igra", "..\..\one.net.2.0\library\Knauf-igra\Knauf-igra.csproj", "{B031FB0E-DAC6-4C3F-B9D1-4A9E7BBAB64F}"
EndProject
Global
	GlobalSection(SolutionConfigurationPlatforms) = preSolution
		Debug|.NET = Debug|.NET
		Debug|Any CPU = Debug|Any CPU
		Debug|Mixed Platforms = Debug|Mixed Platforms
		Release|.NET = Release|.NET
		Release|Any CPU = Release|Any CPU
		Release|Mixed Platforms = Release|Mixed Platforms
	EndGlobalSection
	GlobalSection(ProjectConfigurationPlatforms) = postSolution
		{872B2B2D-1C88-421C-9C46-C34746CF4E2A}.Debug|.NET.ActiveCfg = Debug|Any CPU
		{872B2B2D-1C88-421C-9C46-C34746CF4E2A}.Debug|Any CPU.ActiveCfg = Debug|Any CPU
		{872B2B2D-1C88-421C-9C46-C34746CF4E2A}.Debug|Any CPU.Build.0 = Debug|Any CPU
		{872B2B2D-1C88-421C-9C46-C34746CF4E2A}.Debug|Mixed Platforms.ActiveCfg = Debug|Any CPU
		{872B2B2D-1C88-421C-9C46-C34746CF4E2A}.Debug|Mixed Platforms.Build.0 = Debug|Any CPU
		{872B2B2D-1C88-421C-9C46-C34746CF4E2A}.Release|.NET.ActiveCfg = Release|Any CPU
		{872B2B2D-1C88-421C-9C46-C34746CF4E2A}.Release|Any CPU.ActiveCfg = Release|Any CPU
		{872B2B2D-1C88-421C-9C46-C34746CF4E2A}.Release|Any CPU.Build.0 = Release|Any CPU
		{872B2B2D-1C88-421C-9C46-C34746CF4E2A}.Release|Mixed Platforms.ActiveCfg = Release|Any CPU
		{872B2B2D-1C88-421C-9C46-C34746CF4E2A}.Release|Mixed Platforms.Build.0 = Release|Any CPU
		{3EC05CC8-A433-482A-86E3-AA01F9519A01}.Debug|.NET.ActiveCfg = Debug|Any CPU
		{3EC05CC8-A433-482A-86E3-AA01F9519A01}.Debug|Any CPU.ActiveCfg = Debug|Any CPU
		{3EC05CC8-A433-482A-86E3-AA01F9519A01}.Debug|Any CPU.Build.0 = Debug|Any CPU
		{3EC05CC8-A433-482A-86E3-AA01F9519A01}.Debug|Mixed Platforms.ActiveCfg = Debug|Any CPU
		{3EC05CC8-A433-482A-86E3-AA01F9519A01}.Debug|Mixed Platforms.Build.0 = Debug|Any CPU
		{3EC05CC8-A433-482A-86E3-AA01F9519A01}.Release|.NET.ActiveCfg = Release|Any CPU
		{3EC05CC8-A433-482A-86E3-AA01F9519A01}.Release|Any CPU.ActiveCfg = Release|Any CPU
		{3EC05CC8-A433-482A-86E3-AA01F9519A01}.Release|Any CPU.Build.0 = Release|Any CPU
		{3EC05CC8-A433-482A-86E3-AA01F9519A01}.Release|Mixed Platforms.ActiveCfg = Release|Any CPU
		{3EC05CC8-A433-482A-86E3-AA01F9519A01}.Release|Mixed Platforms.Build.0 = Release|Any CPU
		{B031FB0E-DAC6-4C3F-B9D1-4A9E7BBAB64F}.Debug|.NET.ActiveCfg = Debug|Any CPU
		{B031FB0E-DAC6-4C3F-B9D1-4A9E7BBAB64F}.Debug|Any CPU.ActiveCfg = Debug|Any CPU
		{B031FB0E-DAC6-4C3F-B9D1-4A9E7BBAB64F}.Debug|Any CPU.Build.0 = Debug|Any CPU
		{B031FB0E-DAC6-4C3F-B9D1-4A9E7BBAB64F}.Debug|Mixed Platforms.ActiveCfg = Debug|Any CPU
		{B031FB0E-DAC6-4C3F-B9D1-4A9E7BBAB64F}.Debug|Mixed Platforms.Build.0 = Debug|Any CPU
		{B031FB0E-DAC6-4C3F-B9D1-4A9E7BBAB64F}.Release|.NET.ActiveCfg = Release|Any CPU
		{B031FB0E-DAC6-4C3F-B9D1-4A9E7BBAB64F}.Release|Any CPU.ActiveCfg = Release|Any CPU
		{B031FB0E-DAC6-4C3F-B9D1-4A9E7BBAB64F}.Release|Any CPU.Build.0 = Release|Any CPU
		{B031FB0E-DAC6-4C3F-B9D1-4A9E7BBAB64F}.Release|Mixed Platforms.ActiveCfg = Release|Any CPU
		{B031FB0E-DAC6-4C3F-B9D1-4A9E7BBAB64F}.Release|Mixed Platforms.Build.0 = Release|Any CPU
	EndGlobalSection
	GlobalSection(SolutionProperties) = preSolution
		HideSolutionNode = FALSE
	EndGlobalSection
EndGlobal
